
Microsoft Visual Studio Solution File, Format Version 12.00
# Visual Studio Version 17
VisualStudioVersion = 17.0.31903.59
MinimumVisualStudioVersion = 10.0.40219.1
Project("{2150E333-8FDC-42A3-9474-1A3956D46DE8}") = "src", "src", "{827E0CD3-B72D-47B6-A68D-7590B98EB39B}"
EndProject
Project("{FAE04EC0-301F-11D3-BF4B-00C04F79EFBC}") = "SemaBuzz.App", "src\SemaBuzz.App\SemaBuzz.App.csproj", "{794B13F2-A575-4B9B-A730-7AC25E10FC1B}"
EndProject
Project("{FAE04EC0-301F-11D3-BF4B-00C04F79EFBC}") = "SemaBuzz.Styles", "src\SemaBuzz.Styles\SemaBuzz.Styles.csproj", "{999C0E1E-12EA-441D-AE3C-1D3E774DC6DE}"
EndProject
Project("{2150E333-8FDC-42A3-9474-1A3956D46DE8}") = "tests", "tests", "{0AB3BF05-4346-4AA6-1389-037BE0695223}"
EndProject
Project("{FAE04EC0-301F-11D3-BF4B-00C04F79EFBC}") = "SemaBuzz.Tests", "tests\SemaBuzz.Tests\SemaBuzz.Tests.csproj", "{57818A8D-D664-438E-B9A8-7129DEF45E92}"
EndProject
Global
	GlobalSection(SolutionConfigurationPlatforms) = preSolution
		Debug|Any CPU = Debug|Any CPU
		Debug|x64 = Debug|x64
		Debug|x86 = Debug|x86
		Release|Any CPU = Release|Any CPU
		Release|x64 = Release|x64
		Release|x86 = Release|x86
	EndGlobalSection
	GlobalSection(ProjectConfigurationPlatforms) = postSolution
		{794B13F2-A575-4B9B-A730-7AC25E10FC1B}.Debug|Any CPU.ActiveCfg = Debug|Any CPU
		{794B13F2-A575-4B9B-A730-7AC25E10FC1B}.Debug|Any CPU.Build.0 = Debug|Any CPU
		{794B13F2-A575-4B9B-A730-7AC25E10FC1B}.Debug|x64.ActiveCfg = Debug|Any CPU
		{794B13F2-A575-4B9B-A730-7AC25E10FC1B}.Debug|x64.Build.0 = Debug|Any CPU
		{794B13F2-A575-4B9B-A730-7AC25E10FC1B}.Debug|x86.ActiveCfg = Debug|Any CPU
		{794B13F2-A575-4B9B-A730-7AC25E10FC1B}.Debug|x86.Build.0 = Debug|Any CPU
		{794B13F2-A575-4B9B-A730-7AC25E10FC1B}.Release|Any CPU.ActiveCfg = Release|Any CPU
		{794B13F2-A575-4B9B-A730-7AC25E10FC1B}.Release|Any CPU.Build.0 = Release|Any CPU
		{794B13F2-A575-4B9B-A730-7AC25E10FC1B}.Release|x64.ActiveCfg = Release|Any CPU
		{794B13F2-A575-4B9B-A730-7AC25E10FC1B}.Release|x64.Build.0 = Release|Any CPU
		{794B13F2-A575-4B9B-A730-7AC25E10FC1B}.Release|x86.ActiveCfg = Release|Any CPU
		{794B13F2-A575-4B9B-A730-7AC25E10FC1B}.Release|x86.Build.0 = Release|Any CPU
		{999C0E1E-12EA-441D-AE3C-1D3E774DC6DE}.Debug|Any CPU.ActiveCfg = Debug|Any CPU
		{999C0E1E-12EA-441D-AE3C-1D3E774DC6DE}.Debug|Any CPU.Build.0 = Debug|Any CPU
		{999C0E1E-12EA-441D-AE3C-1D3E774DC6DE}.Debug|x64.ActiveCfg = Debug|Any CPU
		{999C0E1E-12EA-441D-AE3C-1D3E774DC6DE}.Debug|x64.Build.0 = Debug|Any CPU
		{999C0E1E-12EA-441D-AE3C-1D3E774DC6DE}.Debug|x86.ActiveCfg = Debug|Any CPU
		{999C0E1E-12EA-441D-AE3C-1D3E774DC6DE}.Debug|x86.Build.0 = Debug|Any CPU
		{999C0E1E-12EA-441D-AE3C-1D3E774DC6DE}.Release|Any CPU.ActiveCfg = Release|Any CPU
		{999C0E1E-12EA-441D-AE3C-1D3E774DC6DE}.Release|Any CPU.Build.0 = Release|Any CPU
		{999C0E1E-12EA-441D-AE3C-1D3E774DC6DE}.Release|x64.ActiveCfg = Release|Any CPU
		{999C0E1E-12EA-441D-AE3C-1D3E774DC6DE}.Release|x64.Build.0 = Release|Any CPU
		{999C0E1E-12EA-441D-AE3C-1D3E774DC6DE}.Release|x86.ActiveCfg = Release|Any CPU
		{999C0E1E-12EA-441D-AE3C-1D3E774DC6DE}.Release|x86.Build.0 = Release|Any CPU
		{57818A8D-D664-438E-B9A8-7129DEF45E92}.Debug|Any CPU.ActiveCfg = Debug|Any CPU
		{57818A8D-D664-438E-B9A8-7129DEF45E92}.Debug|Any CPU.Build.0 = Debug|Any CPU
		{57818A8D-D664-438E-B9A8-7129DEF45E92}.Debug|x64.ActiveCfg = Debug|Any CPU
		{57818A8D-D664-438E-B9A8-7129DEF45E92}.Debug|x64.Build.0 = Debug|Any CPU
		{57818A8D-D664-438E-B9A8-7129DEF45E92}.Debug|x86.ActiveCfg = Debug|Any CPU
		{57818A8D-D664-438E-B9A8-7129DEF45E92}.Debug|x86.Build.0 = Debug|Any CPU
		{57818A8D-D664-438E-B9A8-7129DEF45E92}.Release|Any CPU.ActiveCfg = Release|Any CPU
		{57818A8D-D664-438E-B9A8-7129DEF45E92}.Release|Any CPU.Build.0 = Release|Any CPU
		{57818A8D-D664-438E-B9A8-7129DEF45E92}.Release|x64.ActiveCfg = Release|Any CPU
		{57818A8D-D664-438E-B9A8-7129DEF45E92}.Release|x64.Build.0 = Release|Any CPU
		{57818A8D-D664-438E-B9A8-7129DEF45E92}.Release|x86.ActiveCfg = Release|Any CPU
		{57818A8D-D664-438E-B9A8-7129DEF45E92}.Release|x86.Build.0 = Release|Any CPU
	EndGlobalSection
	GlobalSection(SolutionProperties) = preSolution
		HideSolutionNode = FALSE
	EndGlobalSection
	GlobalSection(NestedProjects) = preSolution
		{794B13F2-A575-4B9B-A730-7AC25E10FC1B} = {827E0CD3-B72D-47B6-A68D-7590B98EB39B}
		{999C0E1E-12EA-441D-AE3C-1D3E774DC6DE} = {827E0CD3-B72D-47B6-A68D-7590B98EB39B}
		{57818A8D-D664-438E-B9A8-7129DEF45E92} = {0AB3BF05-4346-4AA6-1389-037BE0695223}
	EndGlobalSection
EndGlobal
